
Microsoft Visual Studio Solution File, Format Version 12.00
# Visual Studio Version 16
VisualStudioVersion = 16.0.31112.23
MinimumVisualStudioVersion = 10.0.40219.1
Project("{FAE04EC0-301F-11D3-BF4B-00C04F79EFBC}") = "Gym.Web", "Gym.Web\Gym.Web.csproj", "{765991BE-17F2-4177-BEE6-4E5227DE4198}"
EndProject
Project("{FAE04EC0-301F-11D3-BF4B-00C04F79EFBC}") = "Gym.Core", "Gym.Core\Gym.Core.csproj", "{95593E2A-3517-4B04-BA00-58CCB47F0F18}"
EndProject
Project("{FAE04EC0-301F-11D3-BF4B-00C04F79EFBC}") = "Gym.Data", "Gym.Data\Gym.Data.csproj", "{CFC27350-5400-4BE6-AE5E-BA7ED0B55789}"
EndProject
Global
	GlobalSection(SolutionConfigurationPlatforms) = preSolution
		Debug|Any CPU = Debug|Any CPU
		Release|Any CPU = Release|Any CPU
	EndGlobalSection
	GlobalSection(ProjectConfigurationPlatforms) = postSolution
		{765991BE-17F2-4177-BEE6-4E5227DE4198}.Debug|Any CPU.ActiveCfg = Debug|Any CPU
		{765991BE-17F2-4177-BEE6-4E5227DE4198}.Debug|Any CPU.Build.0 = Debug|Any CPU
		{765991BE-17F2-4177-BEE6-4E5227DE4198}.Release|Any CPU.ActiveCfg = Release|Any CPU
		{765991BE-17F2-4177-BEE6-4E5227DE4198}.Release|Any CPU.Build.0 = Release|Any CPU
		{95593E2A-3517-4B04-BA00-58CCB47F0F18}.Debug|Any CPU.ActiveCfg = Debug|Any CPU
		{95593E2A-3517-4B04-BA00-58CCB47F0F18}.Debug|Any CPU.Build.0 = Debug|Any CPU
		{95593E2A-3517-4B04-BA00-58CCB47F0F18}.Release|Any CPU.ActiveCfg = Release|Any CPU
		{95593E2A-3517-4B04-BA00-58CCB47F0F18}.Release|Any CPU.Build.0 = Release|Any CPU
		{CFC27350-5400-4BE6-AE5E-BA7ED0B55789}.Debug|Any CPU.ActiveCfg = Debug|Any CPU
		{CFC27350-5400-4BE6-AE5E-BA7ED0B55789}.Debug|Any CPU.Build.0 = Debug|Any CPU
		{CFC27350-5400-4BE6-AE5E-BA7ED0B55789}.Release|Any CPU.ActiveCfg = Release|Any CPU
		{CFC27350-5400-4BE6-AE5E-BA7ED0B55789}.Release|Any CPU.Build.0 = Release|Any CPU
	EndGlobalSection
	GlobalSection(SolutionProperties) = preSolution
		HideSolutionNode = FALSE
	EndGlobalSection
	GlobalSection(ExtensibilityGlobals) = postSolution
		SolutionGuid = {4D91B2F9-D906-45FF-8CD5-3F113FF4B646}
	EndGlobalSection
EndGlobal
